
Microsoft Visual Studio Solution File, Format Version 12.00
# Visual Studio Version 17
VisualStudioVersion = 17.0.31903.59
MinimumVisualStudioVersion = 10.0.40219.1
Project("{2150E333-8FDC-42A3-9474-1A3956D46DE8}") = "src", "src", "{382656EC-4C92-485C-8BC5-349D1A5C05C7}"
EndProject
Project("{2150E333-8FDC-42A3-9474-1A3956D46DE8}") = "Modules", "Modules", "{916135AD-7D7F-4472-BDAB-C5F2BA5F8C67}"
EndProject
Project("{2150E333-8FDC-42A3-9474-1A3956D46DE8}") = "Orders", "Orders", "{92D97012-135E-4AA1-AE1C-8C0803E9F6AC}"
EndProject
Project("{2150E333-8FDC-42A3-9474-1A3956D46DE8}") = "Warehouse", "Warehouse", "{D4C452DB-CB41-4B65-8A1A-FCD6E7811EE8}"
EndProject
Project("{FAE04EC0-301F-11D3-BF4B-00C04F79EFBC}") = "WebApi", "src\WebApi\WebApi.csproj", "{61A6637F-3057-4658-A8F7-945D66C945B1}"
EndProject
Project("{2150E333-8FDC-42A3-9474-1A3956D46DE8}") = "Common", "Common", "{3E4B904F-1D6C-437B-8208-C6D17F995528}"
EndProject
Project("{FAE04EC0-301F-11D3-BF4B-00C04F79EFBC}") = "Common.SharedKernel", "src\Common\Common.SharedKernel\Common.SharedKernel.csproj", "{C626352C-44BE-412D-B4A3-05E180A39BAF}"
EndProject
Project("{FAE04EC0-301F-11D3-BF4B-00C04F79EFBC}") = "Modules.Warehouse", "src\Modules\Warehouse\Modules.Warehouse\Modules.Warehouse.csproj", "{74ED43AC-972C-465B-AF8A-30A5532C408E}"
EndProject
Project("{FAE04EC0-301F-11D3-BF4B-00C04F79EFBC}") = "Modules.Orders", "src\Modules\Orders\Modules.Orders\Modules.Orders.csproj", "{6DBAEEED-701C-4C56-A761-D79986094759}"
EndProject
Project("{2150E333-8FDC-42A3-9474-1A3956D46DE8}") = ".docs", ".docs", "{DC7140A1-214E-41D5-B856-8E131E2FACA7}"
	ProjectSection(SolutionItems) = preProject
		README.md = README.md
	EndProjectSection
EndProject
Project("{2150E333-8FDC-42A3-9474-1A3956D46DE8}") = "Customers", "Customers", "{41494B34-2A0F-4AF6-96DA-C25AEBAA424C}"
EndProject
Project("{FAE04EC0-301F-11D3-BF4B-00C04F79EFBC}") = "Modules.Customers", "src\Modules\Customers\Modules.Customers\Modules.Customers.csproj", "{EF044D0C-0014-45B1-95F8-C46F34B9ED1F}"
EndProject
Project("{FAE04EC0-301F-11D3-BF4B-00C04F79EFBC}") = "Modules.Orders.Tests", "src\Modules\Orders\Modules.Orders.Tests\Modules.Orders.Tests.csproj", "{4D5FD8B9-2825-4DBC-B952-3F5C76EE9B36}"
EndProject
Project("{2150E333-8FDC-42A3-9474-1A3956D46DE8}") = "Catalog", "Catalog", "{1E1A153A-D69A-4EC5-BD21-DE4249E8FA4F}"
EndProject
Project("{FAE04EC0-301F-11D3-BF4B-00C04F79EFBC}") = "Modules.Catalog", "src\Modules\Products\Modules.Catalog\Modules.Catalog.csproj", "{591B271C-4C16-49CA-9549-E51087B591D1}"
EndProject
Project("{FAE04EC0-301F-11D3-BF4B-00C04F79EFBC}") = "Modules.Warehouse.Tests", "src\Modules\Warehouse\Modules.Warehouse.Tests\Modules.Warehouse.Tests.csproj", "{C9C4959A-0DB6-4C6C-9811-A42D7A5E3CE0}"
EndProject
Project("{FAE04EC0-301F-11D3-BF4B-00C04F79EFBC}") = "Modules.Catalog.Tests", "src\Modules\Products\Modules.Catalog.Tests\Modules.Catalog.Tests.csproj", "{11925734-961D-4761-B209-BF601E59EB95}"
EndProject
Project("{FAE04EC0-301F-11D3-BF4B-00C04F79EFBC}") = "Modules.Customers.Tests", "src\Modules\Customers\Modules.Customers.Tests\Modules.Customers.Tests.csproj", "{50B76FBE-8FF0-4EA8-A6D0-5DE1AC4B598D}"
EndProject
Project("{2150E333-8FDC-42A3-9474-1A3956D46DE8}") = "tools", "tools", "{7915FF68-4EC9-497B-BD33-1A3DA7D6B457}"
EndProject
Project("{FAE04EC0-301F-11D3-BF4B-00C04F79EFBC}") = "Modules.Warehouse.Messages", "src\Modules\Warehouse\Modules.Warehouse.Messages\Modules.Warehouse.Messages.csproj", "{A105835C-C285-4AA5-AADF-CCA4BCC933B1}"
EndProject
Project("{FAE04EC0-301F-11D3-BF4B-00C04F79EFBC}") = "WebApi.Tests", "src\WebApi.Tests\WebApi.Tests.csproj", "{13094B62-3DBC-4C6F-9ECC-D2DC433C319F}"
EndProject
Project("{FAE04EC0-301F-11D3-BF4B-00C04F79EFBC}") = "Common.Tests", "src\Common\Common.Tests\Common.Tests.csproj", "{51EA2161-32E7-4B5D-AAFF-E3F8D9D4E3A9}"
EndProject
Project("{2150E333-8FDC-42A3-9474-1A3956D46DE8}") = ".sln", ".sln", "{63C08527-F5AA-4234-BED9-A75281776B1F}"
	ProjectSection(SolutionItems) = preProject
		.editorconfig = .editorconfig
		Directory.Build.props = Directory.Build.props
		src\Modules\Products\AddCatalogMigration.ps1 = src\Modules\Products\AddCatalogMigration.ps1
		src\Modules\Warehouse\AddWarehouseMigration.ps1 = src\Modules\Warehouse\AddWarehouseMigration.ps1
	EndProjectSection
EndProject
Project("{FAE04EC0-301F-11D3-BF4B-00C04F79EFBC}") = "Common.ServiceDefaults", "src\Common\Common.ServiceDefaults\Common.ServiceDefaults.csproj", "{E2A265D4-CEFE-4A59-BCC5-12FB20963F9D}"
EndProject
Project("{FAE04EC0-301F-11D3-BF4B-00C04F79EFBC}") = "AppHost", "src\AppHost\AppHost.csproj", "{2FE29E82-698B-4E82-9068-7ABBC33B51C3}"
EndProject
Project("{FAE04EC0-301F-11D3-BF4B-00C04F79EFBC}") = "MigrationService", "tools\MigrationService\MigrationService.csproj", "{08342A95-6F66-4FF2-9D7D-1073D6EB2CD7}"
EndProject
Project("{FAE04EC0-301F-11D3-BF4B-00C04F79EFBC}") = "Modules.Catalog.Messages", "src\Modules\Products\Modules.Catalog.Messages\Modules.Catalog.Messages.csproj", "{75591E8A-4FE8-4179-9332-50A28D7A0073}"
EndProject
Global
	GlobalSection(SolutionConfigurationPlatforms) = preSolution
		Debug|Any CPU = Debug|Any CPU
		Release|Any CPU = Release|Any CPU
	EndGlobalSection
	GlobalSection(SolutionProperties) = preSolution
		HideSolutionNode = FALSE
	EndGlobalSection
	GlobalSection(ProjectConfigurationPlatforms) = postSolution
		{61A6637F-3057-4658-A8F7-945D66C945B1}.Debug|Any CPU.ActiveCfg = Debug|Any CPU
		{61A6637F-3057-4658-A8F7-945D66C945B1}.Debug|Any CPU.Build.0 = Debug|Any CPU
		{61A6637F-3057-4658-A8F7-945D66C945B1}.Release|Any CPU.ActiveCfg = Release|Any CPU
		{61A6637F-3057-4658-A8F7-945D66C945B1}.Release|Any CPU.Build.0 = Release|Any CPU
		{C626352C-44BE-412D-B4A3-05E180A39BAF}.Debug|Any CPU.ActiveCfg = Debug|Any CPU
		{C626352C-44BE-412D-B4A3-05E180A39BAF}.Debug|Any CPU.Build.0 = Debug|Any CPU
		{C626352C-44BE-412D-B4A3-05E180A39BAF}.Release|Any CPU.ActiveCfg = Release|Any CPU
		{C626352C-44BE-412D-B4A3-05E180A39BAF}.Release|Any CPU.Build.0 = Release|Any CPU
		{74ED43AC-972C-465B-AF8A-30A5532C408E}.Debug|Any CPU.ActiveCfg = Debug|Any CPU
		{74ED43AC-972C-465B-AF8A-30A5532C408E}.Debug|Any CPU.Build.0 = Debug|Any CPU
		{74ED43AC-972C-465B-AF8A-30A5532C408E}.Release|Any CPU.ActiveCfg = Release|Any CPU
		{74ED43AC-972C-465B-AF8A-30A5532C408E}.Release|Any CPU.Build.0 = Release|Any CPU
		{6DBAEEED-701C-4C56-A761-D79986094759}.Debug|Any CPU.ActiveCfg = Debug|Any CPU
		{6DBAEEED-701C-4C56-A761-D79986094759}.Debug|Any CPU.Build.0 = Debug|Any CPU
		{6DBAEEED-701C-4C56-A761-D79986094759}.Release|Any CPU.ActiveCfg = Release|Any CPU
		{6DBAEEED-701C-4C56-A761-D79986094759}.Release|Any CPU.Build.0 = Release|Any CPU
		{EF044D0C-0014-45B1-95F8-C46F34B9ED1F}.Debug|Any CPU.ActiveCfg = Debug|Any CPU
		{EF044D0C-0014-45B1-95F8-C46F34B9ED1F}.Debug|Any CPU.Build.0 = Debug|Any CPU
		{EF044D0C-0014-45B1-95F8-C46F34B9ED1F}.Release|Any CPU.ActiveCfg = Release|Any CPU
		{EF044D0C-0014-45B1-95F8-C46F34B9ED1F}.Release|Any CPU.Build.0 = Release|Any CPU
		{4D5FD8B9-2825-4DBC-B952-3F5C76EE9B36}.Debug|Any CPU.ActiveCfg = Debug|Any CPU
		{4D5FD8B9-2825-4DBC-B952-3F5C76EE9B36}.Debug|Any CPU.Build.0 = Debug|Any CPU
		{4D5FD8B9-2825-4DBC-B952-3F5C76EE9B36}.Release|Any CPU.ActiveCfg = Release|Any CPU
		{4D5FD8B9-2825-4DBC-B952-3F5C76EE9B36}.Release|Any CPU.Build.0 = Release|Any CPU
		{591B271C-4C16-49CA-9549-E51087B591D1}.Debug|Any CPU.ActiveCfg = Debug|Any CPU
		{591B271C-4C16-49CA-9549-E51087B591D1}.Debug|Any CPU.Build.0 = Debug|Any CPU
		{591B271C-4C16-49CA-9549-E51087B591D1}.Release|Any CPU.ActiveCfg = Release|Any CPU
		{591B271C-4C16-49CA-9549-E51087B591D1}.Release|Any CPU.Build.0 = Release|Any CPU
		{C9C4959A-0DB6-4C6C-9811-A42D7A5E3CE0}.Debug|Any CPU.ActiveCfg = Debug|Any CPU
		{C9C4959A-0DB6-4C6C-9811-A42D7A5E3CE0}.Debug|Any CPU.Build.0 = Debug|Any CPU
		{C9C4959A-0DB6-4C6C-9811-A42D7A5E3CE0}.Release|Any CPU.ActiveCfg = Release|Any CPU
		{C9C4959A-0DB6-4C6C-9811-A42D7A5E3CE0}.Release|Any CPU.Build.0 = Release|Any CPU
		{11925734-961D-4761-B209-BF601E59EB95}.Debug|Any CPU.ActiveCfg = Debug|Any CPU
		{11925734-961D-4761-B209-BF601E59EB95}.Debug|Any CPU.Build.0 = Debug|Any CPU
		{11925734-961D-4761-B209-BF601E59EB95}.Release|Any CPU.ActiveCfg = Release|Any CPU
		{11925734-961D-4761-B209-BF601E59EB95}.Release|Any CPU.Build.0 = Release|Any CPU
		{50B76FBE-8FF0-4EA8-A6D0-5DE1AC4B598D}.Debug|Any CPU.ActiveCfg = Debug|Any CPU
		{50B76FBE-8FF0-4EA8-A6D0-5DE1AC4B598D}.Debug|Any CPU.Build.0 = Debug|Any CPU
		{50B76FBE-8FF0-4EA8-A6D0-5DE1AC4B598D}.Release|Any CPU.ActiveCfg = Release|Any CPU
		{50B76FBE-8FF0-4EA8-A6D0-5DE1AC4B598D}.Release|Any CPU.Build.0 = Release|Any CPU
		{A105835C-C285-4AA5-AADF-CCA4BCC933B1}.Debug|Any CPU.ActiveCfg = Debug|Any CPU
		{A105835C-C285-4AA5-AADF-CCA4BCC933B1}.Debug|Any CPU.Build.0 = Debug|Any CPU
		{A105835C-C285-4AA5-AADF-CCA4BCC933B1}.Release|Any CPU.ActiveCfg = Release|Any CPU
		{A105835C-C285-4AA5-AADF-CCA4BCC933B1}.Release|Any CPU.Build.0 = Release|Any CPU
		{13094B62-3DBC-4C6F-9ECC-D2DC433C319F}.Debug|Any CPU.ActiveCfg = Debug|Any CPU
		{13094B62-3DBC-4C6F-9ECC-D2DC433C319F}.Debug|Any CPU.Build.0 = Debug|Any CPU
		{13094B62-3DBC-4C6F-9ECC-D2DC433C319F}.Release|Any CPU.ActiveCfg = Release|Any CPU
		{13094B62-3DBC-4C6F-9ECC-D2DC433C319F}.Release|Any CPU.Build.0 = Release|Any CPU
		{51EA2161-32E7-4B5D-AAFF-E3F8D9D4E3A9}.Debug|Any CPU.ActiveCfg = Debug|Any CPU
		{51EA2161-32E7-4B5D-AAFF-E3F8D9D4E3A9}.Debug|Any CPU.Build.0 = Debug|Any CPU
		{51EA2161-32E7-4B5D-AAFF-E3F8D9D4E3A9}.Release|Any CPU.ActiveCfg = Release|Any CPU
		{51EA2161-32E7-4B5D-AAFF-E3F8D9D4E3A9}.Release|Any CPU.Build.0 = Release|Any CPU
		{E2A265D4-CEFE-4A59-BCC5-12FB20963F9D}.Debug|Any CPU.ActiveCfg = Debug|Any CPU
		{E2A265D4-CEFE-4A59-BCC5-12FB20963F9D}.Debug|Any CPU.Build.0 = Debug|Any CPU
		{E2A265D4-CEFE-4A59-BCC5-12FB20963F9D}.Release|Any CPU.ActiveCfg = Release|Any CPU
		{E2A265D4-CEFE-4A59-BCC5-12FB20963F9D}.Release|Any CPU.Build.0 = Release|Any CPU
		{2FE29E82-698B-4E82-9068-7ABBC33B51C3}.Debug|Any CPU.ActiveCfg = Debug|Any CPU
		{2FE29E82-698B-4E82-9068-7ABBC33B51C3}.Debug|Any CPU.Build.0 = Debug|Any CPU
		{2FE29E82-698B-4E82-9068-7ABBC33B51C3}.Release|Any CPU.ActiveCfg = Release|Any CPU
		{2FE29E82-698B-4E82-9068-7ABBC33B51C3}.Release|Any CPU.Build.0 = Release|Any CPU
		{08342A95-6F66-4FF2-9D7D-1073D6EB2CD7}.Debug|Any CPU.ActiveCfg = Debug|Any CPU
		{08342A95-6F66-4FF2-9D7D-1073D6EB2CD7}.Debug|Any CPU.Build.0 = Debug|Any CPU
		{08342A95-6F66-4FF2-9D7D-1073D6EB2CD7}.Release|Any CPU.ActiveCfg = Release|Any CPU
		{08342A95-6F66-4FF2-9D7D-1073D6EB2CD7}.Release|Any CPU.Build.0 = Release|Any CPU
		{75591E8A-4FE8-4179-9332-50A28D7A0073}.Debug|Any CPU.ActiveCfg = Debug|Any CPU
		{75591E8A-4FE8-4179-9332-50A28D7A0073}.Debug|Any CPU.Build.0 = Debug|Any CPU
		{75591E8A-4FE8-4179-9332-50A28D7A0073}.Release|Any CPU.ActiveCfg = Release|Any CPU
		{75591E8A-4FE8-4179-9332-50A28D7A0073}.Release|Any CPU.Build.0 = Release|Any CPU
	EndGlobalSection
	GlobalSection(NestedProjects) = preSolution
		{916135AD-7D7F-4472-BDAB-C5F2BA5F8C67} = {382656EC-4C92-485C-8BC5-349D1A5C05C7}
		{92D97012-135E-4AA1-AE1C-8C0803E9F6AC} = {916135AD-7D7F-4472-BDAB-C5F2BA5F8C67}
		{D4C452DB-CB41-4B65-8A1A-FCD6E7811EE8} = {916135AD-7D7F-4472-BDAB-C5F2BA5F8C67}
		{61A6637F-3057-4658-A8F7-945D66C945B1} = {382656EC-4C92-485C-8BC5-349D1A5C05C7}
		{3E4B904F-1D6C-437B-8208-C6D17F995528} = {382656EC-4C92-485C-8BC5-349D1A5C05C7}
		{C626352C-44BE-412D-B4A3-05E180A39BAF} = {3E4B904F-1D6C-437B-8208-C6D17F995528}
		{74ED43AC-972C-465B-AF8A-30A5532C408E} = {D4C452DB-CB41-4B65-8A1A-FCD6E7811EE8}
		{6DBAEEED-701C-4C56-A761-D79986094759} = {92D97012-135E-4AA1-AE1C-8C0803E9F6AC}
		{41494B34-2A0F-4AF6-96DA-C25AEBAA424C} = {916135AD-7D7F-4472-BDAB-C5F2BA5F8C67}
		{EF044D0C-0014-45B1-95F8-C46F34B9ED1F} = {41494B34-2A0F-4AF6-96DA-C25AEBAA424C}
		{4D5FD8B9-2825-4DBC-B952-3F5C76EE9B36} = {92D97012-135E-4AA1-AE1C-8C0803E9F6AC}
		{1E1A153A-D69A-4EC5-BD21-DE4249E8FA4F} = {916135AD-7D7F-4472-BDAB-C5F2BA5F8C67}
		{591B271C-4C16-49CA-9549-E51087B591D1} = {1E1A153A-D69A-4EC5-BD21-DE4249E8FA4F}
		{C9C4959A-0DB6-4C6C-9811-A42D7A5E3CE0} = {D4C452DB-CB41-4B65-8A1A-FCD6E7811EE8}
		{11925734-961D-4761-B209-BF601E59EB95} = {1E1A153A-D69A-4EC5-BD21-DE4249E8FA4F}
		{50B76FBE-8FF0-4EA8-A6D0-5DE1AC4B598D} = {41494B34-2A0F-4AF6-96DA-C25AEBAA424C}
		{A105835C-C285-4AA5-AADF-CCA4BCC933B1} = {D4C452DB-CB41-4B65-8A1A-FCD6E7811EE8}
		{13094B62-3DBC-4C6F-9ECC-D2DC433C319F} = {382656EC-4C92-485C-8BC5-349D1A5C05C7}
		{51EA2161-32E7-4B5D-AAFF-E3F8D9D4E3A9} = {3E4B904F-1D6C-437B-8208-C6D17F995528}
		{E2A265D4-CEFE-4A59-BCC5-12FB20963F9D} = {3E4B904F-1D6C-437B-8208-C6D17F995528}
		{2FE29E82-698B-4E82-9068-7ABBC33B51C3} = {382656EC-4C92-485C-8BC5-349D1A5C05C7}
		{08342A95-6F66-4FF2-9D7D-1073D6EB2CD7} = {7915FF68-4EC9-497B-BD33-1A3DA7D6B457}
		{75591E8A-4FE8-4179-9332-50A28D7A0073} = {1E1A153A-D69A-4EC5-BD21-DE4249E8FA4F}
	EndGlobalSection
EndGlobal
